schema: '2.0'
stages:
  download:
    cmd: stages/01_download.sh
    deps:
    - path: stages/01_download.sh
      hash: md5
      md5: 3d2308cb06b9bb143fa0d5e56cb1ccdc
      size: 825
    outs:
    - path: download
      hash: md5
      md5: e0eda04fa057fd5541a9d895fceb3c53.dir
      size: 17731243
      nfiles: 60
    - path: list
      hash: md5
      md5: aeb7edcb20ca7bdb19c9e87056b7a354.dir
      size: 5075
      nfiles: 1
  build:
    cmd: stages/03_build.sh
    deps:
    - path: list
      hash: md5
      md5: aeb7edcb20ca7bdb19c9e87056b7a354.dir
      size: 5075
      nfiles: 1
    - path: stages/03_build.sh
      hash: md5
      md5: 59bd6c8f4bf93702b031dad946e70e9e
      size: 1094
    - path: stages/csv2parquet.py
      hash: md5
      md5: 1bc941a5c58b46e8997e7ad0b8d7a861
      size: 261
    outs:
    - path: brick
      hash: md5
      md5: 19ffa350de02c883fc0d685476c39e06.dir
      size: 7835480
      nfiles: 60
