schema: '2.0'
stages:
  download:
    cmd: stages/01_download.sh
    deps:
    - path: stages/01_download.sh
      hash: md5
      md5: 3d2308cb06b9bb143fa0d5e56cb1ccdc
      size: 825
    outs:
    - path: download
      hash: md5
      md5: 659c839682495c9db7fadc94affe2826.dir
      size: 17950590
      nfiles: 44
    - path: list
      hash: md5
      md5: 95cdd373e34cb8f7bdb5a42b554b70e0.dir
      size: 3635
      nfiles: 1
  build:
    cmd: stages/02_build.sh
    deps:
    - path: list
      hash: md5
      md5: 95cdd373e34cb8f7bdb5a42b554b70e0.dir
      size: 3635
      nfiles: 1
    - path: stages/02_build.sh
      hash: md5
      md5: 59bd6c8f4bf93702b031dad946e70e9e
      size: 1094
    - path: stages/csv2parquet.py
      hash: md5
      md5: 1bc941a5c58b46e8997e7ad0b8d7a861
      size: 261
    outs:
    - path: brick
      hash: md5
      md5: 277f1725ee319dbf8b076f46ac022f9e.dir
      size: 7798433
      nfiles: 44
